
Microsoft Visual Studio Solution File, Format Version 12.00
# Visual Studio Version 17
VisualStudioVersion = 17.5.002.0
MinimumVisualStudioVersion = 10.0.40219.1
Project("{9A19103F-16F7-4668-BE54-9A1E7A4F7556}") = "RomanArabicUI", "RomanArabicUI.csproj", "{DE745733-CC24-44B4-9DEE-1BDF3C7CC97E}"
EndProject
Global
	GlobalSection(SolutionConfigurationPlatforms) = preSolution
		Debug|Any CPU = Debug|Any CPU
		Release|Any CPU = Release|Any CPU
	EndGlobalSection
	GlobalSection(ProjectConfigurationPlatforms) = postSolution
		{DE745733-CC24-44B4-9DEE-1BDF3C7CC97E}.Debug|Any CPU.ActiveCfg = Debug|Any CPU
		{DE745733-CC24-44B4-9DEE-1BDF3C7CC97E}.Debug|Any CPU.Build.0 = Debug|Any CPU
		{DE745733-CC24-44B4-9DEE-1BDF3C7CC97E}.Release|Any CPU.ActiveCfg = Release|Any CPU
		{DE745733-CC24-44B4-9DEE-1BDF3C7CC97E}.Release|Any CPU.Build.0 = Release|Any CPU
	EndGlobalSection
	GlobalSection(SolutionProperties) = preSolution
		HideSolutionNode = FALSE
	EndGlobalSection
	GlobalSection(ExtensibilityGlobals) = postSolution
		SolutionGuid = {A682F2AF-E641-431D-9314-02A6230EC215}
	EndGlobalSection
EndGlobal
